
Microsoft Visual Studio Solution File, Format Version 12.00
# Visual Studio Version 16
VisualStudioVersion = 16.0.30413.136
MinimumVisualStudioVersion = 10.0.40219.1
Project("{FAE04EC0-301F-11D3-BF4B-00C04F79EFBC}") = "Project1", "Project1\Project1.csproj", "{2C3114B8-9A95-4260-8AAC-0AE52472961F}"
EndProject
Global
	GlobalSection(SolutionConfigurationPlatforms) = preSolution
		Debug|Any CPU = Debug|Any CPU
		Release|Any CPU = Release|Any CPU
	EndGlobalSection
	GlobalSection(ProjectConfigurationPlatforms) = postSolution
		{2C3114B8-9A95-4260-8AAC-0AE52472961F}.Debug|Any CPU.ActiveCfg = Debug|Any CPU
		{2C3114B8-9A95-4260-8AAC-0AE52472961F}.Debug|Any CPU.Build.0 = Debug|Any CPU
		{2C3114B8-9A95-4260-8AAC-0AE52472961F}.Release|Any CPU.ActiveCfg = Release|Any CPU
		{2C3114B8-9A95-4260-8AAC-0AE52472961F}.Release|Any CPU.Build.0 = Release|Any CPU
	EndGlobalSection
	GlobalSection(SolutionProperties) = preSolution
		HideSolutionNode = FALSE
	EndGlobalSection
	GlobalSection(ExtensibilityGlobals) = postSolution
		SolutionGuid = {29E2CC99-B6B6-445C-A5A8-4EC0AD9061FA}
	EndGlobalSection
EndGlobal
